
Microsoft Visual Studio Solution File, Format Version 12.00
# Visual Studio Version 16
VisualStudioVersion = 16.0.29306.81
MinimumVisualStudioVersion = 10.0.40219.1
Project("{FAE04EC0-301F-11D3-BF4B-00C04F79EFBC}") = "Kolokwium", "Kolokwium\Kolokwium.csproj", "{136D649B-0410-4920-9E53-732E28B8A3BA}"
EndProject
Global
	GlobalSection(SolutionConfigurationPlatforms) = preSolution
		Debug|Any CPU = Debug|Any CPU
		Release|Any CPU = Release|Any CPU
	EndGlobalSection
	GlobalSection(ProjectConfigurationPlatforms) = postSolution
		{136D649B-0410-4920-9E53-732E28B8A3BA}.Debug|Any CPU.ActiveCfg = Debug|Any CPU
		{136D649B-0410-4920-9E53-732E28B8A3BA}.Debug|Any CPU.Build.0 = Debug|Any CPU
		{136D649B-0410-4920-9E53-732E28B8A3BA}.Release|Any CPU.ActiveCfg = Release|Any CPU
		{136D649B-0410-4920-9E53-732E28B8A3BA}.Release|Any CPU.Build.0 = Release|Any CPU
	EndGlobalSection
	GlobalSection(SolutionProperties) = preSolution
		HideSolutionNode = FALSE
	EndGlobalSection
	GlobalSection(ExtensibilityGlobals) = postSolution
		SolutionGuid = {B0CB7145-565F-4169-8368-C5785957482E}
	EndGlobalSection
EndGlobal
